
Microsoft Visual Studio Solution File, Format Version 12.00
# Visual Studio Version 17
VisualStudioVersion = 17.1.32210.238
MinimumVisualStudioVersion = 10.0.40219.1
Project("{FAE04EC0-301F-11D3-BF4B-00C04F79EFBC}") = "Encapsulamento", "Encapsulamento\Encapsulamento.csproj", "{FA8A131F-2247-4E6A-84C4-D80B8DE83892}"
EndProject
Global
	GlobalSection(SolutionConfigurationPlatforms) = preSolution
		Debug|Any CPU = Debug|Any CPU
		Release|Any CPU = Release|Any CPU
	EndGlobalSection
	GlobalSection(ProjectConfigurationPlatforms) = postSolution
		{FA8A131F-2247-4E6A-84C4-D80B8DE83892}.Debug|Any CPU.ActiveCfg = Debug|Any CPU
		{FA8A131F-2247-4E6A-84C4-D80B8DE83892}.Debug|Any CPU.Build.0 = Debug|Any CPU
		{FA8A131F-2247-4E6A-84C4-D80B8DE83892}.Release|Any CPU.ActiveCfg = Release|Any CPU
		{FA8A131F-2247-4E6A-84C4-D80B8DE83892}.Release|Any CPU.Build.0 = Release|Any CPU
	EndGlobalSection
	GlobalSection(SolutionProperties) = preSolution
		HideSolutionNode = FALSE
	EndGlobalSection
	GlobalSection(ExtensibilityGlobals) = postSolution
		SolutionGuid = {18481304-156E-496E-85F4-0967B8ADEB30}
	EndGlobalSection
EndGlobal
