
Microsoft Visual Studio Solution File, Format Version 12.00
# Visual Studio Version 17
VisualStudioVersion = 17.1.32210.238
MinimumVisualStudioVersion = 10.0.40219.1
Project("{FAE04EC0-301F-11D3-BF4B-00C04F79EFBC}") = "AdicionandoValores", "AdicionandoValores\AdicionandoValores.csproj", "{1B64169E-027A-4FE5-A67D-DD7E86834F75}"
EndProject
Global
	GlobalSection(SolutionConfigurationPlatforms) = preSolution
		Debug|Any CPU = Debug|Any CPU
		Release|Any CPU = Release|Any CPU
	EndGlobalSection
	GlobalSection(ProjectConfigurationPlatforms) = postSolution
		{1B64169E-027A-4FE5-A67D-DD7E86834F75}.Debug|Any CPU.ActiveCfg = Debug|Any CPU
		{1B64169E-027A-4FE5-A67D-DD7E86834F75}.Debug|Any CPU.Build.0 = Debug|Any CPU
		{1B64169E-027A-4FE5-A67D-DD7E86834F75}.Release|Any CPU.ActiveCfg = Release|Any CPU
		{1B64169E-027A-4FE5-A67D-DD7E86834F75}.Release|Any CPU.Build.0 = Release|Any CPU
	EndGlobalSection
	GlobalSection(SolutionProperties) = preSolution
		HideSolutionNode = FALSE
	EndGlobalSection
	GlobalSection(ExtensibilityGlobals) = postSolution
		SolutionGuid = {B4A1180E-A8BE-453B-AB01-6D91B003EB92}
	EndGlobalSection
EndGlobal
