
Microsoft Visual Studio Solution File, Format Version 12.00
# Visual Studio Version 17
VisualStudioVersion = 17.1.32210.238
MinimumVisualStudioVersion = 10.0.40219.1
Project("{FAE04EC0-301F-11D3-BF4B-00C04F79EFBC}") = "EstruturaCondicionalf", "EstruturaCondicionalf\EstruturaCondicionalf.csproj", "{AC317634-E71B-4DD0-9EC1-E14C1412B1F2}"
EndProject
Global
	GlobalSection(SolutionConfigurationPlatforms) = preSolution
		Debug|Any CPU = Debug|Any CPU
		Release|Any CPU = Release|Any CPU
	EndGlobalSection
	GlobalSection(ProjectConfigurationPlatforms) = postSolution
		{AC317634-E71B-4DD0-9EC1-E14C1412B1F2}.Debug|Any CPU.ActiveCfg = Debug|Any CPU
		{AC317634-E71B-4DD0-9EC1-E14C1412B1F2}.Debug|Any CPU.Build.0 = Debug|Any CPU
		{AC317634-E71B-4DD0-9EC1-E14C1412B1F2}.Release|Any CPU.ActiveCfg = Release|Any CPU
		{AC317634-E71B-4DD0-9EC1-E14C1412B1F2}.Release|Any CPU.Build.0 = Release|Any CPU
	EndGlobalSection
	GlobalSection(SolutionProperties) = preSolution
		HideSolutionNode = FALSE
	EndGlobalSection
	GlobalSection(ExtensibilityGlobals) = postSolution
		SolutionGuid = {C011330C-D4A8-4E9C-9A24-74FAAE6D9080}
	EndGlobalSection
EndGlobal
