
Microsoft Visual Studio Solution File, Format Version 12.00
# Visual Studio Version 17
VisualStudioVersion = 17.1.32210.238
MinimumVisualStudioVersion = 10.0.40219.1
Project("{9A19103F-16F7-4668-BE54-9A1E7A4F7556}") = "Questao3", "Questao3\Questao3.csproj", "{56C48015-C0B7-4D1B-AD81-CA94CC2D7F9D}"
EndProject
Global
	GlobalSection(SolutionConfigurationPlatforms) = preSolution
		Debug|Any CPU = Debug|Any CPU
		Release|Any CPU = Release|Any CPU
	EndGlobalSection
	GlobalSection(ProjectConfigurationPlatforms) = postSolution
		{56C48015-C0B7-4D1B-AD81-CA94CC2D7F9D}.Debug|Any CPU.ActiveCfg = Debug|Any CPU
		{56C48015-C0B7-4D1B-AD81-CA94CC2D7F9D}.Debug|Any CPU.Build.0 = Debug|Any CPU
		{56C48015-C0B7-4D1B-AD81-CA94CC2D7F9D}.Release|Any CPU.ActiveCfg = Release|Any CPU
		{56C48015-C0B7-4D1B-AD81-CA94CC2D7F9D}.Release|Any CPU.Build.0 = Release|Any CPU
	EndGlobalSection
	GlobalSection(SolutionProperties) = preSolution
		HideSolutionNode = FALSE
	EndGlobalSection
	GlobalSection(ExtensibilityGlobals) = postSolution
		SolutionGuid = {C20C0C8B-D98D-4BA6-94B1-D0BF570C3C79}
	EndGlobalSection
EndGlobal
