
Microsoft Visual Studio Solution File, Format Version 12.00
# Visual Studio Version 17
VisualStudioVersion = 17.1.32210.238
MinimumVisualStudioVersion = 10.0.40219.1
Project("{FAE04EC0-301F-11D3-BF4B-00C04F79EFBC}") = "PadroesFormatacao", "PadroesFormatacao\PadroesFormatacao.csproj", "{7DD3E77F-1C98-4AC5-8F4E-FC4C0F66AA77}"
EndProject
Global
	GlobalSection(SolutionConfigurationPlatforms) = preSolution
		Debug|Any CPU = Debug|Any CPU
		Release|Any CPU = Release|Any CPU
	EndGlobalSection
	GlobalSection(ProjectConfigurationPlatforms) = postSolution
		{7DD3E77F-1C98-4AC5-8F4E-FC4C0F66AA77}.Debug|Any CPU.ActiveCfg = Debug|Any CPU
		{7DD3E77F-1C98-4AC5-8F4E-FC4C0F66AA77}.Debug|Any CPU.Build.0 = Debug|Any CPU
		{7DD3E77F-1C98-4AC5-8F4E-FC4C0F66AA77}.Release|Any CPU.ActiveCfg = Release|Any CPU
		{7DD3E77F-1C98-4AC5-8F4E-FC4C0F66AA77}.Release|Any CPU.Build.0 = Release|Any CPU
	EndGlobalSection
	GlobalSection(SolutionProperties) = preSolution
		HideSolutionNode = FALSE
	EndGlobalSection
	GlobalSection(ExtensibilityGlobals) = postSolution
		SolutionGuid = {1395AB99-65A2-4CA5-B0AB-DCB201830A11}
	EndGlobalSection
EndGlobal
