
Microsoft Visual Studio Solution File, Format Version 12.00
# Visual Studio Version 16
VisualStudioVersion = 16.0.32126.315
MinimumVisualStudioVersion = 10.0.40219.1
Project("{FAE04EC0-301F-11D3-BF4B-00C04F79EFBC}") = "Questao6", "Questao6\Questao6.csproj", "{3722ABF7-5D76-4F91-A43F-0A6EFE6A1FFB}"
EndProject
Global
	GlobalSection(SolutionConfigurationPlatforms) = preSolution
		Debug|Any CPU = Debug|Any CPU
		Release|Any CPU = Release|Any CPU
	EndGlobalSection
	GlobalSection(ProjectConfigurationPlatforms) = postSolution
		{3722ABF7-5D76-4F91-A43F-0A6EFE6A1FFB}.Debug|Any CPU.ActiveCfg = Debug|Any CPU
		{3722ABF7-5D76-4F91-A43F-0A6EFE6A1FFB}.Debug|Any CPU.Build.0 = Debug|Any CPU
		{3722ABF7-5D76-4F91-A43F-0A6EFE6A1FFB}.Release|Any CPU.ActiveCfg = Release|Any CPU
		{3722ABF7-5D76-4F91-A43F-0A6EFE6A1FFB}.Release|Any CPU.Build.0 = Release|Any CPU
	EndGlobalSection
	GlobalSection(SolutionProperties) = preSolution
		HideSolutionNode = FALSE
	EndGlobalSection
	GlobalSection(ExtensibilityGlobals) = postSolution
		SolutionGuid = {B4A75CA4-AC9C-4A0A-90F2-ADECF3405254}
	EndGlobalSection
EndGlobal
