
Microsoft Visual Studio Solution File, Format Version 12.00
# Visual Studio Version 17
VisualStudioVersion = 17.1.32210.238
MinimumVisualStudioVersion = 10.0.40219.1
Project("{FAE04EC0-301F-11D3-BF4B-00C04F79EFBC}") = "Tarefa6", "Tarefa6\Tarefa6.csproj", "{7A2727F6-7D8A-4AF4-8573-BC0B08C503C4}"
EndProject
Global
	GlobalSection(SolutionConfigurationPlatforms) = preSolution
		Debug|Any CPU = Debug|Any CPU
		Release|Any CPU = Release|Any CPU
	EndGlobalSection
	GlobalSection(ProjectConfigurationPlatforms) = postSolution
		{7A2727F6-7D8A-4AF4-8573-BC0B08C503C4}.Debug|Any CPU.ActiveCfg = Debug|Any CPU
		{7A2727F6-7D8A-4AF4-8573-BC0B08C503C4}.Debug|Any CPU.Build.0 = Debug|Any CPU
		{7A2727F6-7D8A-4AF4-8573-BC0B08C503C4}.Release|Any CPU.ActiveCfg = Release|Any CPU
		{7A2727F6-7D8A-4AF4-8573-BC0B08C503C4}.Release|Any CPU.Build.0 = Release|Any CPU
	EndGlobalSection
	GlobalSection(SolutionProperties) = preSolution
		HideSolutionNode = FALSE
	EndGlobalSection
	GlobalSection(ExtensibilityGlobals) = postSolution
		SolutionGuid = {865095F1-5D80-4E67-B386-11E723C2BE72}
	EndGlobalSection
EndGlobal
