
Microsoft Visual Studio Solution File, Format Version 12.00
# Visual Studio Version 17
VisualStudioVersion = 17.1.32210.238
MinimumVisualStudioVersion = 10.0.40219.1
Project("{9A19103F-16F7-4668-BE54-9A1E7A4F7556}") = "Questao12", "QUestao12\Questao12.csproj", "{FF233272-E726-46C3-B3FB-17379E4AFDC5}"
EndProject
Global
	GlobalSection(SolutionConfigurationPlatforms) = preSolution
		Debug|Any CPU = Debug|Any CPU
		Release|Any CPU = Release|Any CPU
	EndGlobalSection
	GlobalSection(ProjectConfigurationPlatforms) = postSolution
		{FF233272-E726-46C3-B3FB-17379E4AFDC5}.Debug|Any CPU.ActiveCfg = Debug|Any CPU
		{FF233272-E726-46C3-B3FB-17379E4AFDC5}.Debug|Any CPU.Build.0 = Debug|Any CPU
		{FF233272-E726-46C3-B3FB-17379E4AFDC5}.Release|Any CPU.ActiveCfg = Release|Any CPU
		{FF233272-E726-46C3-B3FB-17379E4AFDC5}.Release|Any CPU.Build.0 = Release|Any CPU
	EndGlobalSection
	GlobalSection(SolutionProperties) = preSolution
		HideSolutionNode = FALSE
	EndGlobalSection
	GlobalSection(ExtensibilityGlobals) = postSolution
		SolutionGuid = {63E77481-AA0F-462E-BF73-CC9436CA11D9}
	EndGlobalSection
EndGlobal
