
Microsoft Visual Studio Solution File, Format Version 12.00
# Visual Studio Version 17
VisualStudioVersion = 17.1.32210.238
MinimumVisualStudioVersion = 10.0.40219.1
Project("{FAE04EC0-301F-11D3-BF4B-00C04F79EFBC}") = "BaltaMaoMassa", "BaltaMaoMassa\BaltaMaoMassa.csproj", "{EFB2F36E-9F13-4F65-AA3D-72D06D62EB33}"
EndProject
Global
	GlobalSection(SolutionConfigurationPlatforms) = preSolution
		Debug|Any CPU = Debug|Any CPU
		Release|Any CPU = Release|Any CPU
	EndGlobalSection
	GlobalSection(ProjectConfigurationPlatforms) = postSolution
		{EFB2F36E-9F13-4F65-AA3D-72D06D62EB33}.Debug|Any CPU.ActiveCfg = Debug|Any CPU
		{EFB2F36E-9F13-4F65-AA3D-72D06D62EB33}.Debug|Any CPU.Build.0 = Debug|Any CPU
		{EFB2F36E-9F13-4F65-AA3D-72D06D62EB33}.Release|Any CPU.ActiveCfg = Release|Any CPU
		{EFB2F36E-9F13-4F65-AA3D-72D06D62EB33}.Release|Any CPU.Build.0 = Release|Any CPU
	EndGlobalSection
	GlobalSection(SolutionProperties) = preSolution
		HideSolutionNode = FALSE
	EndGlobalSection
	GlobalSection(ExtensibilityGlobals) = postSolution
		SolutionGuid = {E01E0F84-DE85-45B1-B553-219B8561DD08}
	EndGlobalSection
EndGlobal
