
Microsoft Visual Studio Solution File, Format Version 12.00
# Visual Studio Version 16
VisualStudioVersion = 16.0.32126.315
MinimumVisualStudioVersion = 10.0.40219.1
Project("{FAE04EC0-301F-11D3-BF4B-00C04F79EFBC}") = "Questao4", "Questao4\Questao4.csproj", "{BCE22E8B-3549-4714-9A10-92B031B4E4EE}"
EndProject
Global
	GlobalSection(SolutionConfigurationPlatforms) = preSolution
		Debug|Any CPU = Debug|Any CPU
		Release|Any CPU = Release|Any CPU
	EndGlobalSection
	GlobalSection(ProjectConfigurationPlatforms) = postSolution
		{BCE22E8B-3549-4714-9A10-92B031B4E4EE}.Debug|Any CPU.ActiveCfg = Debug|Any CPU
		{BCE22E8B-3549-4714-9A10-92B031B4E4EE}.Debug|Any CPU.Build.0 = Debug|Any CPU
		{BCE22E8B-3549-4714-9A10-92B031B4E4EE}.Release|Any CPU.ActiveCfg = Release|Any CPU
		{BCE22E8B-3549-4714-9A10-92B031B4E4EE}.Release|Any CPU.Build.0 = Release|Any CPU
	EndGlobalSection
	GlobalSection(SolutionProperties) = preSolution
		HideSolutionNode = FALSE
	EndGlobalSection
	GlobalSection(ExtensibilityGlobals) = postSolution
		SolutionGuid = {3721E1ED-3E3B-4CAD-B167-875835E98C22}
	EndGlobalSection
EndGlobal
