
Microsoft Visual Studio Solution File, Format Version 12.00
# Visual Studio Version 17
VisualStudioVersion = 17.1.32210.238
MinimumVisualStudioVersion = 10.0.40219.1
Project("{FAE04EC0-301F-11D3-BF4B-00C04F79EFBC}") = "ValueTypesReferencesTypesAula", "ValueTypesReferencesTypes\ValueTypesReferencesTypesAula.csproj", "{697BE296-ACFF-459E-AADC-D2D74AE0A22B}"
EndProject
Global
	GlobalSection(SolutionConfigurationPlatforms) = preSolution
		Debug|Any CPU = Debug|Any CPU
		Release|Any CPU = Release|Any CPU
	EndGlobalSection
	GlobalSection(ProjectConfigurationPlatforms) = postSolution
		{697BE296-ACFF-459E-AADC-D2D74AE0A22B}.Debug|Any CPU.ActiveCfg = Debug|Any CPU
		{697BE296-ACFF-459E-AADC-D2D74AE0A22B}.Debug|Any CPU.Build.0 = Debug|Any CPU
		{697BE296-ACFF-459E-AADC-D2D74AE0A22B}.Release|Any CPU.ActiveCfg = Release|Any CPU
		{697BE296-ACFF-459E-AADC-D2D74AE0A22B}.Release|Any CPU.Build.0 = Release|Any CPU
	EndGlobalSection
	GlobalSection(SolutionProperties) = preSolution
		HideSolutionNode = FALSE
	EndGlobalSection
	GlobalSection(ExtensibilityGlobals) = postSolution
		SolutionGuid = {B3F27ED8-D5D4-4773-8B16-53DF99716CEB}
	EndGlobalSection
EndGlobal
