
Microsoft Visual Studio Solution File, Format Version 12.00
# Visual Studio Version 17
VisualStudioVersion = 17.1.32210.238
MinimumVisualStudioVersion = 10.0.40219.1
Project("{FAE04EC0-301F-11D3-BF4B-00C04F79EFBC}") = "Questao8", "Questao8\Questao8.csproj", "{9CE9A40A-6F53-49CC-8DF3-C3D6E0F407B0}"
EndProject
Global
	GlobalSection(SolutionConfigurationPlatforms) = preSolution
		Debug|Any CPU = Debug|Any CPU
		Release|Any CPU = Release|Any CPU
	EndGlobalSection
	GlobalSection(ProjectConfigurationPlatforms) = postSolution
		{9CE9A40A-6F53-49CC-8DF3-C3D6E0F407B0}.Debug|Any CPU.ActiveCfg = Debug|Any CPU
		{9CE9A40A-6F53-49CC-8DF3-C3D6E0F407B0}.Debug|Any CPU.Build.0 = Debug|Any CPU
		{9CE9A40A-6F53-49CC-8DF3-C3D6E0F407B0}.Release|Any CPU.ActiveCfg = Release|Any CPU
		{9CE9A40A-6F53-49CC-8DF3-C3D6E0F407B0}.Release|Any CPU.Build.0 = Release|Any CPU
	EndGlobalSection
	GlobalSection(SolutionProperties) = preSolution
		HideSolutionNode = FALSE
	EndGlobalSection
	GlobalSection(ExtensibilityGlobals) = postSolution
		SolutionGuid = {FCB32DD4-EF36-4154-B43B-D69FE9DD28A8}
	EndGlobalSection
EndGlobal
