
Microsoft Visual Studio Solution File, Format Version 12.00
# Visual Studio Version 17
VisualStudioVersion = 17.1.32210.238
MinimumVisualStudioVersion = 10.0.40219.1
Project("{FAE04EC0-301F-11D3-BF4B-00C04F79EFBC}") = "UtilizandoIf", "UtilizandoIf\UtilizandoIf.csproj", "{292F6710-10B3-4DC5-9B77-51C874A39DC8}"
EndProject
Global
	GlobalSection(SolutionConfigurationPlatforms) = preSolution
		Debug|Any CPU = Debug|Any CPU
		Release|Any CPU = Release|Any CPU
	EndGlobalSection
	GlobalSection(ProjectConfigurationPlatforms) = postSolution
		{292F6710-10B3-4DC5-9B77-51C874A39DC8}.Debug|Any CPU.ActiveCfg = Debug|Any CPU
		{292F6710-10B3-4DC5-9B77-51C874A39DC8}.Debug|Any CPU.Build.0 = Debug|Any CPU
		{292F6710-10B3-4DC5-9B77-51C874A39DC8}.Release|Any CPU.ActiveCfg = Release|Any CPU
		{292F6710-10B3-4DC5-9B77-51C874A39DC8}.Release|Any CPU.Build.0 = Release|Any CPU
	EndGlobalSection
	GlobalSection(SolutionProperties) = preSolution
		HideSolutionNode = FALSE
	EndGlobalSection
	GlobalSection(ExtensibilityGlobals) = postSolution
		SolutionGuid = {7FB05FDE-907A-4A4C-87FD-D2582436803F}
	EndGlobalSection
EndGlobal
