
Microsoft Visual Studio Solution File, Format Version 12.00
# Visual Studio Version 17
VisualStudioVersion = 17.1.32210.238
MinimumVisualStudioVersion = 10.0.40219.1
Project("{FAE04EC0-301F-11D3-BF4B-00C04F79EFBC}") = "EventsAula", "EventsAula\EventsAula.csproj", "{CC89C24A-7B38-4ED2-A0D2-BBB16CCE8D86}"
EndProject
Global
	GlobalSection(SolutionConfigurationPlatforms) = preSolution
		Debug|Any CPU = Debug|Any CPU
		Release|Any CPU = Release|Any CPU
	EndGlobalSection
	GlobalSection(ProjectConfigurationPlatforms) = postSolution
		{CC89C24A-7B38-4ED2-A0D2-BBB16CCE8D86}.Debug|Any CPU.ActiveCfg = Debug|Any CPU
		{CC89C24A-7B38-4ED2-A0D2-BBB16CCE8D86}.Debug|Any CPU.Build.0 = Debug|Any CPU
		{CC89C24A-7B38-4ED2-A0D2-BBB16CCE8D86}.Release|Any CPU.ActiveCfg = Release|Any CPU
		{CC89C24A-7B38-4ED2-A0D2-BBB16CCE8D86}.Release|Any CPU.Build.0 = Release|Any CPU
	EndGlobalSection
	GlobalSection(SolutionProperties) = preSolution
		HideSolutionNode = FALSE
	EndGlobalSection
	GlobalSection(ExtensibilityGlobals) = postSolution
		SolutionGuid = {4CE7590A-CF8F-4BDD-8C0B-06E06C320C41}
	EndGlobalSection
EndGlobal
