
Microsoft Visual Studio Solution File, Format Version 12.00
# Visual Studio Version 17
VisualStudioVersion = 17.1.32210.238
MinimumVisualStudioVersion = 10.0.40219.1
Project("{FAE04EC0-301F-11D3-BF4B-00C04F79EFBC}") = "EditorHtml", "EditorHtml\EditorHtml.csproj", "{D09267F8-5421-4E87-9118-09A5F989F707}"
EndProject
Global
	GlobalSection(SolutionConfigurationPlatforms) = preSolution
		Debug|Any CPU = Debug|Any CPU
		Release|Any CPU = Release|Any CPU
	EndGlobalSection
	GlobalSection(ProjectConfigurationPlatforms) = postSolution
		{D09267F8-5421-4E87-9118-09A5F989F707}.Debug|Any CPU.ActiveCfg = Debug|Any CPU
		{D09267F8-5421-4E87-9118-09A5F989F707}.Debug|Any CPU.Build.0 = Debug|Any CPU
		{D09267F8-5421-4E87-9118-09A5F989F707}.Release|Any CPU.ActiveCfg = Release|Any CPU
		{D09267F8-5421-4E87-9118-09A5F989F707}.Release|Any CPU.Build.0 = Release|Any CPU
	EndGlobalSection
	GlobalSection(SolutionProperties) = preSolution
		HideSolutionNode = FALSE
	EndGlobalSection
	GlobalSection(ExtensibilityGlobals) = postSolution
		SolutionGuid = {4D435909-670E-444D-928A-67D7667D41A9}
	EndGlobalSection
EndGlobal
