
Microsoft Visual Studio Solution File, Format Version 12.00
# Visual Studio Version 17
VisualStudioVersion = 17.1.32210.238
MinimumVisualStudioVersion = 10.0.40219.1
Project("{FAE04EC0-301F-11D3-BF4B-00C04F79EFBC}") = "Parse", "Parse\Parse.csproj", "{3687DF9B-353D-4258-B916-C35AF5408FA1}"
EndProject
Global
	GlobalSection(SolutionConfigurationPlatforms) = preSolution
		Debug|Any CPU = Debug|Any CPU
		Release|Any CPU = Release|Any CPU
	EndGlobalSection
	GlobalSection(ProjectConfigurationPlatforms) = postSolution
		{3687DF9B-353D-4258-B916-C35AF5408FA1}.Debug|Any CPU.ActiveCfg = Debug|Any CPU
		{3687DF9B-353D-4258-B916-C35AF5408FA1}.Debug|Any CPU.Build.0 = Debug|Any CPU
		{3687DF9B-353D-4258-B916-C35AF5408FA1}.Release|Any CPU.ActiveCfg = Release|Any CPU
		{3687DF9B-353D-4258-B916-C35AF5408FA1}.Release|Any CPU.Build.0 = Release|Any CPU
	EndGlobalSection
	GlobalSection(SolutionProperties) = preSolution
		HideSolutionNode = FALSE
	EndGlobalSection
	GlobalSection(ExtensibilityGlobals) = postSolution
		SolutionGuid = {0599402B-51FE-4F20-ABC2-4CB45B822796}
	EndGlobalSection
EndGlobal
