
Microsoft Visual Studio Solution File, Format Version 12.00
# Visual Studio Version 17
VisualStudioVersion = 17.1.32210.238
MinimumVisualStudioVersion = 10.0.40219.1
Project("{FAE04EC0-301F-11D3-BF4B-00C04F79EFBC}") = "Blog", "Blog\Blog.csproj", "{F158D249-B1DC-4481-9C53-354A6183F4F5}"
EndProject
Global
	GlobalSection(SolutionConfigurationPlatforms) = preSolution
		Debug|Any CPU = Debug|Any CPU
		Release|Any CPU = Release|Any CPU
	EndGlobalSection
	GlobalSection(ProjectConfigurationPlatforms) = postSolution
		{F158D249-B1DC-4481-9C53-354A6183F4F5}.Debug|Any CPU.ActiveCfg = Debug|Any CPU
		{F158D249-B1DC-4481-9C53-354A6183F4F5}.Debug|Any CPU.Build.0 = Debug|Any CPU
		{F158D249-B1DC-4481-9C53-354A6183F4F5}.Release|Any CPU.ActiveCfg = Release|Any CPU
		{F158D249-B1DC-4481-9C53-354A6183F4F5}.Release|Any CPU.Build.0 = Release|Any CPU
	EndGlobalSection
	GlobalSection(SolutionProperties) = preSolution
		HideSolutionNode = FALSE
	EndGlobalSection
	GlobalSection(ExtensibilityGlobals) = postSolution
		SolutionGuid = {97BDCCB5-9153-45BA-889E-6E895ECFF99B}
	EndGlobalSection
EndGlobal
