
Microsoft Visual Studio Solution File, Format Version 12.00
# Visual Studio Version 17
VisualStudioVersion = 17.1.32210.238
MinimumVisualStudioVersion = 10.0.40219.1
Project("{FAE04EC0-301F-11D3-BF4B-00C04F79EFBC}") = "NumerosInteiros", "NumerosInteiros\NumerosInteiros.csproj", "{6C7CD6CC-347C-4374-9129-847129B8411A}"
EndProject
Global
	GlobalSection(SolutionConfigurationPlatforms) = preSolution
		Debug|Any CPU = Debug|Any CPU
		Release|Any CPU = Release|Any CPU
	EndGlobalSection
	GlobalSection(ProjectConfigurationPlatforms) = postSolution
		{6C7CD6CC-347C-4374-9129-847129B8411A}.Debug|Any CPU.ActiveCfg = Debug|Any CPU
		{6C7CD6CC-347C-4374-9129-847129B8411A}.Debug|Any CPU.Build.0 = Debug|Any CPU
		{6C7CD6CC-347C-4374-9129-847129B8411A}.Release|Any CPU.ActiveCfg = Release|Any CPU
		{6C7CD6CC-347C-4374-9129-847129B8411A}.Release|Any CPU.Build.0 = Release|Any CPU
	EndGlobalSection
	GlobalSection(SolutionProperties) = preSolution
		HideSolutionNode = FALSE
	EndGlobalSection
	GlobalSection(ExtensibilityGlobals) = postSolution
		SolutionGuid = {1CBA25D2-665A-476D-B589-402A4EF83FAF}
	EndGlobalSection
EndGlobal
