
Microsoft Visual Studio Solution File, Format Version 12.00
# Visual Studio Version 17
VisualStudioVersion = 17.1.32210.238
MinimumVisualStudioVersion = 10.0.40219.1
Project("{FAE04EC0-301F-11D3-BF4B-00C04F79EFBC}") = "StringExtras", "StringExtras\StringExtras.csproj", "{AF6D555F-3E06-41DA-88EB-C508B42ADB97}"
EndProject
Global
	GlobalSection(SolutionConfigurationPlatforms) = preSolution
		Debug|Any CPU = Debug|Any CPU
		Release|Any CPU = Release|Any CPU
	EndGlobalSection
	GlobalSection(ProjectConfigurationPlatforms) = postSolution
		{AF6D555F-3E06-41DA-88EB-C508B42ADB97}.Debug|Any CPU.ActiveCfg = Debug|Any CPU
		{AF6D555F-3E06-41DA-88EB-C508B42ADB97}.Debug|Any CPU.Build.0 = Debug|Any CPU
		{AF6D555F-3E06-41DA-88EB-C508B42ADB97}.Release|Any CPU.ActiveCfg = Release|Any CPU
		{AF6D555F-3E06-41DA-88EB-C508B42ADB97}.Release|Any CPU.Build.0 = Release|Any CPU
	EndGlobalSection
	GlobalSection(SolutionProperties) = preSolution
		HideSolutionNode = FALSE
	EndGlobalSection
	GlobalSection(ExtensibilityGlobals) = postSolution
		SolutionGuid = {98240C2D-2533-415B-96D4-AE92781CBD2E}
	EndGlobalSection
EndGlobal
