
Microsoft Visual Studio Solution File, Format Version 12.00
# Visual Studio Version 17
VisualStudioVersion = 17.1.32210.238
MinimumVisualStudioVersion = 10.0.40219.1
Project("{FAE04EC0-301F-11D3-BF4B-00C04F79EFBC}") = "Blog", "Blog\Blog.csproj", "{D0FF4762-6A21-4E76-93CB-628E07A0F2D8}"
EndProject
Global
	GlobalSection(SolutionConfigurationPlatforms) = preSolution
		Debug|Any CPU = Debug|Any CPU
		Release|Any CPU = Release|Any CPU
	EndGlobalSection
	GlobalSection(ProjectConfigurationPlatforms) = postSolution
		{D0FF4762-6A21-4E76-93CB-628E07A0F2D8}.Debug|Any CPU.ActiveCfg = Debug|Any CPU
		{D0FF4762-6A21-4E76-93CB-628E07A0F2D8}.Debug|Any CPU.Build.0 = Debug|Any CPU
		{D0FF4762-6A21-4E76-93CB-628E07A0F2D8}.Release|Any CPU.ActiveCfg = Release|Any CPU
		{D0FF4762-6A21-4E76-93CB-628E07A0F2D8}.Release|Any CPU.Build.0 = Release|Any CPU
	EndGlobalSection
	GlobalSection(SolutionProperties) = preSolution
		HideSolutionNode = FALSE
	EndGlobalSection
	GlobalSection(ExtensibilityGlobals) = postSolution
		SolutionGuid = {0682EECD-BB4F-4925-AE2D-532164A66674}
	EndGlobalSection
EndGlobal
